
Microsoft Visual Studio Solution File, Format Version 12.00
# Visual Studio 2013
VisualStudioVersion = 12.0.30501.0
MinimumVisualStudioVersion = 10.0.40219.1
Project("{FAE04EC0-301F-11D3-BF4B-00C04F79EFBC}") = "WeiboTools", "WeiboTools\WeiboTools.csproj", "{29413B9A-0C45-4CBC-A403-62C751EA9334}"
EndProject
Project("{FAE04EC0-301F-11D3-BF4B-00C04F79EFBC}") = "LuckDrawPlugin", "WeiboTools\bin\Plugins\LuckDrawPlugin\LuckDrawPlugin.csproj", "{1B98F254-FFF9-439C-A1B1-DB8192118B90}"
EndProject
Project("{FAE04EC0-301F-11D3-BF4B-00C04F79EFBC}") = "NetDimension.Weibo40", "NetDimension.Weibo\NetDimension.Weibo40.csproj", "{7B795714-40D6-4B2E-A277-CBE13C33E1ED}"
EndProject
Global
	GlobalSection(SolutionConfigurationPlatforms) = preSolution
		Debug|Any CPU = Debug|Any CPU
		Release|Any CPU = Release|Any CPU
	EndGlobalSection
	GlobalSection(ProjectConfigurationPlatforms) = postSolution
		{29413B9A-0C45-4CBC-A403-62C751EA9334}.Debug|Any CPU.ActiveCfg = Debug|Any CPU
		{29413B9A-0C45-4CBC-A403-62C751EA9334}.Debug|Any CPU.Build.0 = Debug|Any CPU
		{29413B9A-0C45-4CBC-A403-62C751EA9334}.Release|Any CPU.ActiveCfg = Release|Any CPU
		{29413B9A-0C45-4CBC-A403-62C751EA9334}.Release|Any CPU.Build.0 = Release|Any CPU
		{1B98F254-FFF9-439C-A1B1-DB8192118B90}.Debug|Any CPU.ActiveCfg = Debug|Any CPU
		{1B98F254-FFF9-439C-A1B1-DB8192118B90}.Debug|Any CPU.Build.0 = Debug|Any CPU
		{1B98F254-FFF9-439C-A1B1-DB8192118B90}.Release|Any CPU.ActiveCfg = Release|Any CPU
		{1B98F254-FFF9-439C-A1B1-DB8192118B90}.Release|Any CPU.Build.0 = Release|Any CPU
		{7B795714-40D6-4B2E-A277-CBE13C33E1ED}.Debug|Any CPU.ActiveCfg = Debug|Any CPU
		{7B795714-40D6-4B2E-A277-CBE13C33E1ED}.Debug|Any CPU.Build.0 = Debug|Any CPU
		{7B795714-40D6-4B2E-A277-CBE13C33E1ED}.Release|Any CPU.ActiveCfg = Release|Any CPU
		{7B795714-40D6-4B2E-A277-CBE13C33E1ED}.Release|Any CPU.Build.0 = Release|Any CPU
	EndGlobalSection
	GlobalSection(SolutionProperties) = preSolution
		HideSolutionNode = FALSE
	EndGlobalSection
EndGlobal
